PODS:
  - SDWebImage (5.18.3):
    - SDWebImage/Core (= 5.18.3)
  - SDWebImage/Core (5.18.3)

DEPENDENCIES:
  - SDWebImage

SPEC REPOS:
  trunk:
    - SDWebImage

SPEC CHECKSUMS:
  SDWebImage: 96e0c18ef14010b7485210e92fac888587ebb958

PODFILE CHECKSUM: 9e3a32fc253fa2dd9eaffefae64755e109d55636

COCOAPODS: 1.14.2
