// !$*UTF8*$!
{
	archiveVersion = 1;
	classes = {
	};
	objectVersion = 56;
	objects = {

/* Begin PBXBuildFile section */
		27CADF052AF780D9000FBA3A /* AppDelegate.swift in Sources */ = {isa = PBXBuildFile; fileRef = 27CADF042AF780D9000FBA3A /* AppDelegate.swift */; };
		27CADF072AF780D9000FBA3A /* SceneDelegate.swift in Sources */ = {isa = PBXBuildFile; fileRef = 27CADF062AF780D9000FBA3A /* SceneDelegate.swift */; };
		27CADF092AF780D9000FBA3A /* ViewController.swift in Sources */ = {isa = PBXBuildFile; fileRef = 27CADF082AF780D9000FBA3A /* ViewController.swift */; };
		27CADF0C2AF780D9000FBA3A /* Main.storyboard in Resources */ = {isa = PBXBuildFile; fileRef = 27CADF0A2AF780D9000FBA3A /* Main.storyboard */; };
		27CADF0F2AF780D9000FBA3A /* WeatherApp.xcdatamodeld in Sources */ = {isa = PBXBuildFile; fileRef = 27CADF0D2AF780D9000FBA3A /* WeatherApp.xcdatamodeld */; };
		27CADF112AF780DA000FBA3A /* Assets.xcassets in Resources */ = {isa = PBXBuildFile; fileRef = 27CADF102AF780DA000FBA3A /* Assets.xcassets */; };
		27CADF142AF780DA000FBA3A /* LaunchScreen.storyboard in Resources */ = {isa = PBXBuildFile; fileRef = 27CADF122AF780DA000FBA3A /* LaunchScreen.storyboard */; };
		27CADF1C2AF78A6D000FBA3A /* typeOfWeatherCell.swift in Sources */ = {isa = PBXBuildFile; fileRef = 27CADF1B2AF78A6D000FBA3A /* typeOfWeatherCell.swift */; };
		27CADF262AF7DA97000FBA3A /* collectionViewCell.swift in Sources */ = {isa = PBXBuildFile; fileRef = 27CADF252AF7DA97000FBA3A /* collectionViewCell.swift */; };
		27DB33EF2AFBD70D004C0D69 /* gifToImage.swift in Sources */ = {isa = PBXBuildFile; fileRef = 27DB33EE2AFBD70D004C0D69 /* gifToImage.swift */; };
		27DB33F12AFBD772004C0D69 /* rain.gif in Resources */ = {isa = PBXBuildFile; fileRef = 27DB33F02AFBD771004C0D69 /* rain.gif */; };
		27DB33F32AFC8510004C0D69 /* HeaderCollectionReusableView.swift in Sources */ = {isa = PBXBuildFile; fileRef = 27DB33F22AFC8510004C0D69 /* HeaderCollectionReusableView.swift */; };
		BC2DFCBBA84F79AFF991F688 /* Pods_WeatherApp.framework in Frameworks */ = {isa = PBXBuildFile; fileRef = B7528CD91046D8C5970324E3 /* Pods_WeatherApp.framework */; };
/* End PBXBuildFile section */

/* Begin PBXFileReference section */
		27CADF012AF780D9000FBA3A /* WeatherApp.app */ = {isa = PBXFileReference; explicitFileType = wrapper.application; includeInIndex = 0; path = WeatherApp.app; sourceTree = BUILT_PRODUCTS_DIR; };
		27CADF042AF780D9000FBA3A /* AppDelegate.swift */ = {isa = PBXFileReference; lastKnownFileType = sourcecode.swift; path = AppDelegate.swift; sourceTree = "<group>"; };
		27CADF062AF780D9000FBA3A /* SceneDelegate.swift */ = {isa = PBXFileReference; lastKnownFileType = sourcecode.swift; path = SceneDelegate.swift; sourceTree = "<group>"; };
		27CADF082AF780D9000FBA3A /* ViewController.swift */ = {isa = PBXFileReference; lastKnownFileType = sourcecode.swift; path = ViewController.swift; sourceTree = "<group>"; };
		27CADF0B2AF780D9000FBA3A /* Base */ = {isa = PBXFileReference; lastKnownFileType = file.storyboard; name = Base; path = Base.lproj/Main.storyboard; sourceTree = "<group>"; };
		27CADF0E2AF780D9000FBA3A /* WeatherApp.xcdatamodel */ = {isa = PBXFileReference; lastKnownFileType = wrapper.xcdatamodel; path = WeatherApp.xcdatamodel; sourceTree = "<group>"; };
		27CADF102AF780DA000FBA3A /* Assets.xcassets */ = {isa = PBXFileReference; lastKnownFileType = folder.assetcatalog; path = Assets.xcassets; sourceTree = "<group>"; };
		27CADF132AF780DA000FBA3A /* Base */ = {isa = PBXFileReference; lastKnownFileType = file.storyboard; name = Base; path = Base.lproj/LaunchScreen.storyboard; sourceTree = "<group>"; };
		27CADF152AF780DA000FBA3A /* Info.plist */ = {isa = PBXFileReference; lastKnownFileType = text.plist.xml; path = Info.plist; sourceTree = "<group>"; };
		27CADF1B2AF78A6D000FBA3A /* typeOfWeatherCell.swift */ = {isa = PBXFileReference; lastKnownFileType = sourcecode.swift; path = typeOfWeatherCell.swift; sourceTree = "<group>"; };
		27CADF252AF7DA97000FBA3A /* collectionViewCell.swift */ = {isa = PBXFileReference; lastKnownFileType = sourcecode.swift; path = collectionViewCell.swift; sourceTree = "<group>"; };
		27DB33EE2AFBD70D004C0D69 /* gifToImage.swift */ = {isa = PBXFileReference; lastKnownFileType = sourcecode.swift; path = gifToImage.swift; sourceTree = "<group>"; };
		27DB33F02AFBD771004C0D69 /* rain.gif */ = {isa = PBXFileReference; lastKnownFileType = image.gif; name = rain.gif; path = ../../../Downloads/rain.gif; sourceTree = "<group>"; };
		27DB33F22AFC8510004C0D69 /* HeaderCollectionReusableView.swift */ = {isa = PBXFileReference; lastKnownFileType = sourcecode.swift; path = HeaderCollectionReusableView.swift; sourceTree = "<group>"; };
		71966C57859C98304E21B1B6 /* Pods-WeatherApp.debug.xcconfig */ = {isa = PBXFileReference; includeInIndex = 1; lastKnownFileType = text.xcconfig; name = "Pods-WeatherApp.debug.xcconfig"; path = "Target Support Files/Pods-WeatherApp/Pods-WeatherApp.debug.xcconfig"; sourceTree = "<group>"; };
		9005C5DB44F3CCA7AF42C10F /* Pods-WeatherApp.release.xcconfig */ = {isa = PBXFileReference; includeInIndex = 1; lastKnownFileType = text.xcconfig; name = "Pods-WeatherApp.release.xcconfig"; path = "Target Support Files/Pods-WeatherApp/Pods-WeatherApp.release.xcconfig"; sourceTree = "<group>"; };
		B7528CD91046D8C5970324E3 /* Pods_WeatherApp.framework */ = {isa = PBXFileReference; explicitFileType = wrapper.framework; includeInIndex = 0; path = Pods_WeatherApp.framework; sourceTree = BUILT_PRODUCTS_DIR; };
/* End PBXFileReference section */

/* Begin PBXFrameworksBuildPhase section */
		27CADEFE2AF780D9000FBA3A /* Frameworks */ = {
			isa = PBXFrameworksBuildPhase;
			buildActionMask = 2147483647;
			files = (
				BC2DFCBBA84F79AFF991F688 /* Pods_WeatherApp.framework in Frameworks */,
			);
			runOnlyForDeploymentPostprocessing = 0;
		};
/* End PBXFrameworksBuildPhase section */

/* Begin PBXGroup section */
		1C0F88B511B90A42FDB22274 /* Pods */ = {
			isa = PBXGroup;
			children = (
				71966C57859C98304E21B1B6 /* Pods-WeatherApp.debug.xcconfig */,
				9005C5DB44F3CCA7AF42C10F /* Pods-WeatherApp.release.xcconfig */,
			);
			path = Pods;
			sourceTree = "<group>";
		};
		27CADEF82AF780D9000FBA3A = {
			isa = PBXGroup;
			children = (
				27CADF032AF780D9000FBA3A /* WeatherApp */,
				27CADF022AF780D9000FBA3A /* Products */,
				1C0F88B511B90A42FDB22274 /* Pods */,
				855A5CB6CD86448ED66DD2A1 /* Frameworks */,
			);
			sourceTree = "<group>";
		};
		27CADF022AF780D9000FBA3A /* Products */ = {
			isa = PBXGroup;
			children = (
				27CADF012AF780D9000FBA3A /* WeatherApp.app */,
			);
			name = Products;
			sourceTree = "<group>";
		};
		27CADF032AF780D9000FBA3A /* WeatherApp */ = {
			isa = PBXGroup;
			children = (
				27DB33F02AFBD771004C0D69 /* rain.gif */,
				27CADF042AF780D9000FBA3A /* AppDelegate.swift */,
				27CADF062AF780D9000FBA3A /* SceneDelegate.swift */,
				27CADF1B2AF78A6D000FBA3A /* typeOfWeatherCell.swift */,
				27CADF252AF7DA97000FBA3A /* collectionViewCell.swift */,
				27CADF082AF780D9000FBA3A /* ViewController.swift */,
				27DB33F22AFC8510004C0D69 /* HeaderCollectionReusableView.swift */,
				27DB33EE2AFBD70D004C0D69 /* gifToImage.swift */,
				27CADF0A2AF780D9000FBA3A /* Main.storyboard */,
				27CADF102AF780DA000FBA3A /* Assets.xcassets */,
				27CADF122AF780DA000FBA3A /* LaunchScreen.storyboard */,
				27CADF152AF780DA000FBA3A /* Info.plist */,
				27CADF0D2AF780D9000FBA3A /* WeatherApp.xcdatamodeld */,
			);
			path = WeatherApp;
			sourceTree = "<group>";
		};
		855A5CB6CD86448ED66DD2A1 /* Frameworks */ = {
			isa = PBXGroup;
			children = (
				B7528CD91046D8C5970324E3 /* Pods_WeatherApp.framework */,
			);
			name = Frameworks;
			sourceTree = "<group>";
		};
/* End PBXGroup section */

/* Begin PBXNativeTarget section */
		27CADF002AF780D9000FBA3A /* WeatherApp */ = {
			isa = PBXNativeTarget;
			buildConfigurationList = 27CADF182AF780DA000FBA3A /* Build configuration list for PBXNativeTarget "WeatherApp" */;
			buildPhases = (
				26B5F857A98848CF75E300DA /* [CP] Check Pods Manifest.lock */,
				27CADEFD2AF780D9000FBA3A /* Sources */,
				27CADEFE2AF780D9000FBA3A /* Frameworks */,
				27CADEFF2AF780D9000FBA3A /* Resources */,
				A825BCE0EE0FDF04153776FE /* [CP] Embed Pods Frameworks */,
			);
			buildRules = (
			);
			dependencies = (
			);
			name = WeatherApp;
			productName = WeatherApp;
			productReference = 27CADF012AF780D9000FBA3A /* WeatherApp.app */;
			productType = "com.apple.product-type.application";
		};
/* End PBXNativeTarget section */

/* Begin PBXProject section */
		27CADEF92AF780D9000FBA3A /* Project object */ = {
			isa = PBXProject;
			attributes = {
				BuildIndependentTargetsInParallel = 1;
				LastSwiftUpdateCheck = 1420;
				LastUpgradeCheck = 1420;
				TargetAttributes = {
					27CADF002AF780D9000FBA3A = {
						CreatedOnToolsVersion = 14.2;
					};
				};
			};
			buildConfigurationList = 27CADEFC2AF780D9000FBA3A /* Build configuration list for PBXProject "WeatherApp" */;
			compatibilityVersion = "Xcode 14.0";
			developmentRegion = en;
			hasScannedForEncodings = 0;
			knownRegions = (
				en,
				Base,
			);
			mainGroup = 27CADEF82AF780D9000FBA3A;
			productRefGroup = 27CADF022AF780D9000FBA3A /* Products */;
			projectDirPath = "";
			projectRoot = "";
			targets = (
				27CADF002AF780D9000FBA3A /* WeatherApp */,
			);
		};
/* End PBXProject section */

/* Begin PBXResourcesBuildPhase section */
		27CADEFF2AF780D9000FBA3A /* Resources */ = {
			isa = PBXResourcesBuildPhase;
			buildActionMask = 2147483647;
			files = (
				27CADF142AF780DA000FBA3A /* LaunchScreen.storyboard in Resources */,
				27CADF112AF780DA000FBA3A /* Assets.xcassets in Resources */,
				27DB33F12AFBD772004C0D69 /* rain.gif in Resources */,
				27CADF0C2AF780D9000FBA3A /* Main.storyboard in Resources */,
			);
			runOnlyForDeploymentPostprocessing = 0;
		};
/* End PBXResourcesBuildPhase section */

/* Begin PBXShellScriptBuildPhase section */
		26B5F857A98848CF75E300DA /* [CP] Check Pods Manifest.lock */ = {
			isa = PBXShellScriptBuildPhase;
			buildActionMask = 2147483647;
			files = (
			);
			inputFileListPaths = (
			);
			inputPaths = (
				"${PODS_PODFILE_DIR_PATH}/Podfile.lock",
				"${PODS_ROOT}/Manifest.lock",
			);
			name = "[CP] Check Pods Manifest.lock";
			outputFileListPaths = (
			);
			outputPaths = (
				"$(DERIVED_FILE_DIR)/Pods-WeatherApp-checkManifestLockResult.txt",
			);
			runOnlyForDeploymentPostprocessing = 0;
			shellPath = /bin/sh;
			shellScript = "diff \"${PODS_PODFILE_DIR_PATH}/Podfile.lock\" \"${PODS_ROOT}/Manifest.lock\" > /dev/null\nif [ $? != 0 ] ; then\n    # print error to STDERR\n    echo \"error: The sandbox is not in sync with the Podfile.lock. Run 'pod install' or update your CocoaPods installation.\" >&2\n    exit 1\nfi\n# This output is used by Xcode 'outputs' to avoid re-running this script phase.\necho \"SUCCESS\" > \"${SCRIPT_OUTPUT_FILE_0}\"\n";
			showEnvVarsInLog = 0;
		};
		A825BCE0EE0FDF04153776FE /* [CP] Embed Pods Frameworks */ = {
			isa = PBXShellScriptBuildPhase;
			buildActionMask = 2147483647;
			files = (
			);
			inputFileListPaths = (
				"${PODS_ROOT}/Target Support Files/Pods-WeatherApp/Pods-WeatherApp-frameworks-${CONFIGURATION}-input-files.xcfilelist",
			);
			name = "[CP] Embed Pods Frameworks";
			outputFileListPaths = (
				"${PODS_ROOT}/Target Support Files/Pods-WeatherApp/Pods-WeatherApp-frameworks-${CONFIGURATION}-output-files.xcfilelist",
			);
			runOnlyForDeploymentPostprocessing = 0;
			shellPath = /bin/sh;
			shellScript = "\"${PODS_ROOT}/Target Support Files/Pods-WeatherApp/Pods-WeatherApp-frameworks.sh\"\n";
			showEnvVarsInLog = 0;
		};
/* End PBXShellScriptBuildPhase section */

/* Begin PBXSourcesBuildPhase section */
		27CADEFD2AF780D9000FBA3A /* Sources */ = {
			isa = PBXSourcesBuildPhase;
			buildActionMask = 2147483647;
			files = (
				27DB33F32AFC8510004C0D69 /* HeaderCollectionReusableView.swift in Sources */,
				27CADF0F2AF780D9000FBA3A /* WeatherApp.xcdatamodeld in Sources */,
				27CADF1C2AF78A6D000FBA3A /* typeOfWeatherCell.swift in Sources */,
				27CADF092AF780D9000FBA3A /* ViewController.swift in Sources */,
				27CADF052AF780D9000FBA3A /* AppDelegate.swift in Sources */,
				27CADF262AF7DA97000FBA3A /* collectionViewCell.swift in Sources */,
				27DB33EF2AFBD70D004C0D69 /* gifToImage.swift in Sources */,
				27CADF072AF780D9000FBA3A /* SceneDelegate.swift in Sources */,
			);
			runOnlyForDeploymentPostprocessing = 0;
		};
/* End PBXSourcesBuildPhase section */

/* Begin PBXVariantGroup section */
		27CADF0A2AF780D9000FBA3A /* Main.storyboard */ = {
			isa = PBXVariantGroup;
			children = (
				27CADF0B2AF780D9000FBA3A /* Base */,
			);
			name = Main.storyboard;
			sourceTree = "<group>";
		};
		27CADF122AF780DA000FBA3A /* LaunchScreen.storyboard */ = {
			isa = PBXVariantGroup;
			children = (
				27CADF132AF780DA000FBA3A /* Base */,
			);
			name = LaunchScreen.storyboard;
			sourceTree = "<group>";
		};
/* End PBXVariantGroup section */

/* Begin XCBuildConfiguration section */
		27CADF162AF780DA000FBA3A /* Debug */ = {
			isa = XCBuildConfiguration;
			buildSettings = {
				ALWAYS_SEARCH_USER_PATHS = NO;
				CLANG_ANALYZER_NONNULL = YES;
				CLANG_ANALYZER_NUMBER_OBJECT_CONVERSION = YES_AGGRESSIVE;
				CLANG_CXX_LANGUAGE_STANDARD = "gnu++20";
				CLANG_ENABLE_MODULES = YES;
				CLANG_ENABLE_OBJC_ARC = YES;
				CLANG_ENABLE_OBJC_WEAK = YES;
				CLANG_WARN_BLOCK_CAPTURE_AUTORELEASING = YES;
				CLANG_WARN_BOOL_CONVERSION = YES;
				CLANG_WARN_COMMA = YES;
				CLANG_WARN_CONSTANT_CONVERSION = YES;
				CLANG_WARN_DEPRECATED_OBJC_IMPLEMENTATIONS = YES;
				CLANG_WARN_DIRECT_OBJC_ISA_USAGE = YES_ERROR;
				CLANG_WARN_DOCUMENTATION_COMMENTS = YES;
				CLANG_WARN_EMPTY_BODY = YES;
				CLANG_WARN_ENUM_CONVERSION = YES;
				CLANG_WARN_INFINITE_RECURSION = YES;
				CLANG_WARN_INT_CONVERSION = YES;
				CLANG_WARN_NON_LITERAL_NULL_CONVERSION = YES;
				CLANG_WARN_OBJC_IMPLICIT_RETAIN_SELF = YES;
				CLANG_WARN_OBJC_LITERAL_CONVERSION = YES;
				CLANG_WARN_OBJC_ROOT_CLASS = YES_ERROR;
				CLANG_WARN_QUOTED_INCLUDE_IN_FRAMEWORK_HEADER = YES;
				CLANG_WARN_RANGE_LOOP_ANALYSIS = YES;
				CLANG_WARN_STRICT_PROTOTYPES = YES;
				CLANG_WARN_SUSPICIOUS_MOVE = YES;
				CLANG_WARN_UNGUARDED_AVAILABILITY = YES_AGGRESSIVE;
				CLANG_WARN_UNREACHABLE_CODE = YES;
				CLANG_WARN__DUPLICATE_METHOD_MATCH = YES;
				COPY_PHASE_STRIP = NO;
				DEBUG_INFORMATION_FORMAT = dwarf;
				ENABLE_STRICT_OBJC_MSGSEND = YES;
				ENABLE_TESTABILITY = YES;
				GCC_C_LANGUAGE_STANDARD = gnu11;
				GCC_DYNAMIC_NO_PIC = NO;
				GCC_NO_COMMON_BLOCKS = YES;
				GCC_OPTIMIZATION_LEVEL = 0;
				GCC_PREPROCESSOR_DEFINITIONS = (
					"DEBUG=1",
					"$(inherited)",
				);
				GCC_WARN_64_TO_32_BIT_CONVERSION = YES;
				GCC_WARN_ABOUT_RETURN_TYPE = YES_ERROR;
				GCC_WARN_UNDECLARED_SELECTOR = YES;
				GCC_WARN_UNINITIALIZED_AUTOS = YES_AGGRESSIVE;
				GCC_WARN_UNUSED_FUNCTION = YES;
				GCC_WARN_UNUSED_VARIABLE = YES;
				IPHONEOS_DEPLOYMENT_TARGET = 16.2;
				MTL_ENABLE_DEBUG_INFO = INCLUDE_SOURCE;
				MTL_FAST_MATH = YES;
				ONLY_ACTIVE_ARCH = YES;
				SDKROOT = iphoneos;
				SWIFT_ACTIVE_COMPILATION_CONDITIONS = DEBUG;
				SWIFT_OPTIMIZATION_LEVEL = "-Onone";
			};
			name = Debug;
		};
		27CADF172AF780DA000FBA3A /* Release */ = {
			isa = XCBuildConfiguration;
			buildSettings = {
				ALWAYS_SEARCH_USER_PATHS = NO;
				CLANG_ANALYZER_NONNULL = YES;
				CLANG_ANALYZER_NUMBER_OBJECT_CONVERSION = YES_AGGRESSIVE;
				CLANG_CXX_LANGUAGE_STANDARD = "gnu++20";
				CLANG_ENABLE_MODULES = YES;
				CLANG_ENABLE_OBJC_ARC = YES;
				CLANG_ENABLE_OBJC_WEAK = YES;
				CLANG_WARN_BLOCK_CAPTURE_AUTORELEASING = YES;
				CLANG_WARN_BOOL_CONVERSION = YES;
				CLANG_WARN_COMMA = YES;
				CLANG_WARN_CONSTANT_CONVERSION = YES;
				CLANG_WARN_DEPRECATED_OBJC_IMPLEMENTATIONS = YES;
				CLANG_WARN_DIRECT_OBJC_ISA_USAGE = YES_ERROR;
				CLANG_WARN_DOCUMENTATION_COMMENTS = YES;
				CLANG_WARN_EMPTY_BODY = YES;
				CLANG_WARN_ENUM_CONVERSION = YES;
				CLANG_WARN_INFINITE_RECURSION = YES;
				CLANG_WARN_INT_CONVERSION = YES;
				CLANG_WARN_NON_LITERAL_NULL_CONVERSION = YES;
				CLANG_WARN_OBJC_IMPLICIT_RETAIN_SELF = YES;
				CLANG_WARN_OBJC_LITERAL_CONVERSION = YES;
				CLANG_WARN_OBJC_ROOT_CLASS = YES_ERROR;
				CLANG_WARN_QUOTED_INCLUDE_IN_FRAMEWORK_HEADER = YES;
				CLANG_WARN_RANGE_LOOP_ANALYSIS = YES;
				CLANG_WARN_STRICT_PROTOTYPES = YES;
				CLANG_WARN_SUSPICIOUS_MOVE = YES;
				CLANG_WARN_UNGUARDED_AVAILABILITY = YES_AGGRESSIVE;
				CLANG_WARN_UNREACHABLE_CODE = YES;
				CLANG_WARN__DUPLICATE_METHOD_MATCH = YES;
				COPY_PHASE_STRIP = NO;
				DEBUG_INFORMATION_FORMAT = "dwarf-with-dsym";
				ENABLE_NS_ASSERTIONS = NO;
				ENABLE_STRICT_OBJC_MSGSEND = YES;
				GCC_C_LANGUAGE_STANDARD = gnu11;
				GCC_NO_COMMON_BLOCKS = YES;
				GCC_WARN_64_TO_32_BIT_CONVERSION = YES;
				GCC_WARN_ABOUT_RETURN_TYPE = YES_ERROR;
				GCC_WARN_UNDECLARED_SELECTOR = YES;
				GCC_WARN_UNINITIALIZED_AUTOS = YES_AGGRESSIVE;
				GCC_WARN_UNUSED_FUNCTION = YES;
				GCC_WARN_UNUSED_VARIABLE = YES;
				IPHONEOS_DEPLOYMENT_TARGET = 16.2;
				MTL_ENABLE_DEBUG_INFO = NO;
				MTL_FAST_MATH = YES;
				SDKROOT = iphoneos;
				SWIFT_COMPILATION_MODE = wholemodule;
				SWIFT_OPTIMIZATION_LEVEL = "-O";
				VALIDATE_PRODUCT = YES;
			};
			name = Release;
		};
		27CADF192AF780DA000FBA3A /* Debug */ = {
			isa = XCBuildConfiguration;
			baseConfigurationReference = 71966C57859C98304E21B1B6 /* Pods-WeatherApp.debug.xcconfig */;
			buildSettings = {
				ASSETCATALOG_COMPILER_APPICON_NAME = AppIcon;
				ASSETCATALOG_COMPILER_GLOBAL_ACCENT_COLOR_NAME = AccentColor;
				CODE_SIGN_STYLE = Automatic;
				CURRENT_PROJECT_VERSION = 1;
				DEVELOPMENT_TEAM = 587Y6CB23X;
				GENERATE_INFOPLIST_FILE = YES;
				INFOPLIST_FILE = WeatherApp/Info.plist;
				INFOPLIST_KEY_UIApplicationSupportsIndirectInputEvents = YES;
				INFOPLIST_KEY_UILaunchStoryboardName = LaunchScreen;
				INFOPLIST_KEY_UIMainStoryboardFile = Main;
				INFOPLIST_KEY_UISupportedInterfaceOrientations_iPad = "UIInterfaceOrientationPortrait UIInterfaceOrientationPortraitUpsideDown UIInterfaceOrientationLandscapeLeft UIInterfaceOrientationLandscapeRight";
				INFOPLIST_KEY_UISupportedInterfaceOrientations_iPhone = "UIInterfaceOrientationPortrait UIInterfaceOrientationLandscapeLeft UIInterfaceOrientationLandscapeRight";
				LD_RUNPATH_SEARCH_PATHS = (
					"$(inherited)",
					"@executable_path/Frameworks",
				);
				MARKETING_VERSION = 1.0;
				PRODUCT_BUNDLE_IDENTIFIER = com.swiftCourse.WeatherApp;
				PRODUCT_NAME = "$(TARGET_NAME)";
				SWIFT_EMIT_LOC_STRINGS = YES;
				SWIFT_VERSION = 5.0;
				TARGETED_DEVICE_FAMILY = "1,2";
			};
			name = Debug;
		};
		27CADF1A2AF780DA000FBA3A /* Release */ = {
			isa = XCBuildConfiguration;
			baseConfigurationReference = 9005C5DB44F3CCA7AF42C10F /* Pods-WeatherApp.release.xcconfig */;
			buildSettings = {
				ASSETCATALOG_COMPILER_APPICON_NAME = AppIcon;
				ASSETCATALOG_COMPILER_GLOBAL_ACCENT_COLOR_NAME = AccentColor;
				CODE_SIGN_STYLE = Automatic;
				CURRENT_PROJECT_VERSION = 1;
				DEVELOPMENT_TEAM = 587Y6CB23X;
				GENERATE_INFOPLIST_FILE = YES;
				INFOPLIST_FILE = WeatherApp/Info.plist;
				INFOPLIST_KEY_UIApplicationSupportsIndirectInputEvents = YES;
				INFOPLIST_KEY_UILaunchStoryboardName = LaunchScreen;
				INFOPLIST_KEY_UIMainStoryboardFile = Main;
				INFOPLIST_KEY_UISupportedInterfaceOrientations_iPad = "UIInterfaceOrientationPortrait UIInterfaceOrientationPortraitUpsideDown UIInterfaceOrientationLandscapeLeft UIInterfaceOrientationLandscapeRight";
				INFOPLIST_KEY_UISupportedInterfaceOrientations_iPhone = "UIInterfaceOrientationPortrait UIInterfaceOrientationLandscapeLeft UIInterfaceOrientationLandscapeRight";
				LD_RUNPATH_SEARCH_PATHS = (
					"$(inherited)",
					"@executable_path/Frameworks",
				);
				MARKETING_VERSION = 1.0;
				PRODUCT_BUNDLE_IDENTIFIER = com.swiftCourse.WeatherApp;
				PRODUCT_NAME = "$(TARGET_NAME)";
				SWIFT_EMIT_LOC_STRINGS = YES;
				SWIFT_VERSION = 5.0;
				TARGETED_DEVICE_FAMILY = "1,2";
			};
			name = Release;
		};
/* End XCBuildConfiguration section */

/* Begin XCConfigurationList section */
		27CADEFC2AF780D9000FBA3A /* Build configuration list for PBXProject "WeatherApp" */ = {
			isa = XCConfigurationList;
			buildConfigurations = (
				27CADF162AF780DA000FBA3A /* Debug */,
				27CADF172AF780DA000FBA3A /* Release */,
			);
			defaultConfigurationIsVisible = 0;
			defaultConfigurationName = Release;
		};
		27CADF182AF780DA000FBA3A /* Build configuration list for PBXNativeTarget "WeatherApp" */ = {
			isa = XCConfigurationList;
			buildConfigurations = (
				27CADF192AF780DA000FBA3A /* Debug */,
				27CADF1A2AF780DA000FBA3A /* Release */,
			);
			defaultConfigurationIsVisible = 0;
			defaultConfigurationName = Release;
		};
/* End XCConfigurationList section */

/* Begin XCVersionGroup section */
		27CADF0D2AF780D9000FBA3A /* WeatherApp.xcdatamodeld */ = {
			isa = XCVersionGroup;
			children = (
				27CADF0E2AF780D9000FBA3A /* WeatherApp.xcdatamodel */,
			);
			currentVersion = 27CADF0E2AF780D9000FBA3A /* WeatherApp.xcdatamodel */;
			path = WeatherApp.xcdatamodeld;
			sourceTree = "<group>";
			versionGroupType = wrapper.xcdatamodel;
		};
/* End XCVersionGroup section */
	};
	rootObject = 27CADEF92AF780D9000FBA3A /* Project object */;
}
